// !$*UTF8*$!
{
	archiveVersion = 1;
	classes = {
	};
	objectVersion = 46;
	objects = {

/* Begin PBXBuildFile section */
		A92E44721AFEA5040086EF35 /* YAPTMainViewController.swift in Sources */ = {isa = PBXBuildFile; fileRef = A92E44711AFEA5040086EF35 /* YAPTMainViewController.swift */; };
		A94B39DB1B1B3D16000807C9 /* Images.xcassets in Resources */ = {isa = PBXBuildFile; fileRef = A94B39DA1B1B3D16000807C9 /* Images.xcassets */; };
		A9705CE51B19F84E0023E3F6 /* SwiftExtensions.swift in Sources */ = {isa = PBXBuildFile; fileRef = A9705CE41B19F84E0023E3F6 /* SwiftExtensions.swift */; };
		A9B5075E1B134F1500AC66B1 /* InterfaceController.swift in Sources */ = {isa = PBXBuildFile; fileRef = A9B5075D1B134F1500AC66B1 /* InterfaceController.swift */; };
		A9B507601B134F1500AC66B1 /* NotificationController.swift in Sources */ = {isa = PBXBuildFile; fileRef = A9B5075F1B134F1500AC66B1 /* NotificationController.swift */; };
		A9B507621B134F1500AC66B1 /* GlanceController.swift in Sources */ = {isa = PBXBuildFile; fileRef = A9B507611B134F1500AC66B1 /* GlanceController.swift */; };
		A9B507681B134F1500AC66B1 /* YAPT WatchKit App.app in Resources */ = {isa = PBXBuildFile; fileRef = A9B507671B134F1500AC66B1 /* YAPT WatchKit App.app */; };
		A9B507701B134F1500AC66B1 /* Interface.storyboard in Resources */ = {isa = PBXBuildFile; fileRef = A9B5076E1B134F1500AC66B1 /* Interface.storyboard */; };
		A9B507751B134F1500AC66B1 /* YAPT WatchKit Extension.appex in Embed App Extensions */ = {isa = PBXBuildFile; fileRef = A9B507581B134F1500AC66B1 /* YAPT WatchKit Extension.appex */; settings = {ATTRIBUTES = (RemoveHeadersOnCopy, ); }; };
		A9B5077E1B13A75500AC66B1 /* YAPTWatchKitInfo.swift in Sources */ = {isa = PBXBuildFile; fileRef = A9B5077D1B13A75500AC66B1 /* YAPTWatchKitInfo.swift */; };
		A9C8F1DE1AFEA223001FD125 /* AppDelegate.swift in Sources */ = {isa = PBXBuildFile; fileRef = A9C8F1DD1AFEA223001FD125 /* AppDelegate.swift */; };
		A9C8F1E31AFEA223001FD125 /* Main.storyboard in Resources */ = {isa = PBXBuildFile; fileRef = A9C8F1E11AFEA223001FD125 /* Main.storyboard */; };
		A9C8F1E51AFEA223001FD125 /* Images.xcassets in Resources */ = {isa = PBXBuildFile; fileRef = A9C8F1E41AFEA223001FD125 /* Images.xcassets */; };
		A9C8F1E81AFEA223001FD125 /* LaunchScreen.xib in Resources */ = {isa = PBXBuildFile; fileRef = A9C8F1E61AFEA223001FD125 /* LaunchScreen.xib */; };
		A9C8F1F41AFEA223001FD125 /* YAPTTests.swift in Sources */ = {isa = PBXBuildFile; fileRef = A9C8F1F31AFEA223001FD125 /* YAPTTests.swift */; };
/* End PBXBuildFile section */

/* Begin PBXContainerItemProxy section */
		A9B507691B134F1500AC66B1 /* PBXContainerItemProxy */ = {
			isa = PBXContainerItemProxy;
			containerPortal = A9C8F1D01AFEA222001FD125 /* Project object */;
			proxyType = 1;
			remoteGlobalIDString = A9B507661B134F1500AC66B1;
			remoteInfo = "YAPT WatchKit App";
		};
		A9B507731B134F1500AC66B1 /* PBXContainerItemProxy */ = {
			isa = PBXContainerItemProxy;
			containerPortal = A9C8F1D01AFEA222001FD125 /* Project object */;
			proxyType = 1;
			remoteGlobalIDString = A9B507571B134F1500AC66B1;
			remoteInfo = "YAPT WatchKit Extension";
		};
		A9C8F1EE1AFEA223001FD125 /* PBXContainerItemProxy */ = {
			isa = PBXContainerItemProxy;
			containerPortal = A9C8F1D01AFEA222001FD125 /* Project object */;
			proxyType = 1;
			remoteGlobalIDString = A9C8F1D71AFEA223001FD125;
			remoteInfo = YAPT;
		};
/* End PBXContainerItemProxy section */

/* Begin PBXCopyFilesBuildPhase section */
		A9B5077C1B134F1500AC66B1 /* Embed App Extensions */ = {
			isa = PBXCopyFilesBuildPhase;
			buildActionMask = 2147483647;
			dstPath = "";
			dstSubfolderSpec = 13;
			files = (
				A9B507751B134F1500AC66B1 /* YAPT WatchKit Extension.appex in Embed App Extensions */,
			);
			name = "Embed App Extensions";
			runOnlyForDeploymentPostprocessing = 0;
		};
/* End PBXCopyFilesBuildPhase section */

/* Begin PBXFileReference section */
		A92E44711AFEA5040086EF35 /* YAPTMainViewController.swift */ = {isa = PBXFileReference; fileEncoding = 4; lastKnownFileType = sourcecode.swift; path = YAPTMainViewController.swift; sourceTree = "<group>"; };
		A94B39DA1B1B3D16000807C9 /* Images.xcassets */ = {isa = PBXFileReference; lastKnownFileType = folder.assetcatalog; path = Images.xcassets; sourceTree = "<group>"; };
		A9705CE41B19F84E0023E3F6 /* SwiftExtensions.swift */ = {isa = PBXFileReference; fileEncoding = 4; lastKnownFileType = sourcecode.swift; path = SwiftExtensions.swift; sourceTree = "<group>"; };
		A9B507581B134F1500AC66B1 /* YAPT WatchKit Extension.appex */ = {isa = PBXFileReference; explicitFileType = "wrapper.app-extension"; includeInIndex = 0; path = "YAPT WatchKit Extension.appex"; sourceTree = BUILT_PRODUCTS_DIR; };
		A9B5075B1B134F1500AC66B1 /* Info.plist */ = {isa = PBXFileReference; lastKnownFileType = text.plist.xml; path = Info.plist; sourceTree = "<group>"; };
		A9B5075C1B134F1500AC66B1 /* PushNotificationPayload.apns */ = {isa = PBXFileReference; lastKnownFileType = text; path = PushNotificationPayload.apns; sourceTree = "<group>"; };
		A9B5075D1B134F1500AC66B1 /* InterfaceController.swift */ = {isa = PBXFileReference; lastKnownFileType = sourcecode.swift; path = InterfaceController.swift; sourceTree = "<group>"; };
		A9B5075F1B134F1500AC66B1 /* NotificationController.swift */ = {isa = PBXFileReference; lastKnownFileType = sourcecode.swift; path = NotificationController.swift; sourceTree = "<group>"; };
		A9B507611B134F1500AC66B1 /* GlanceController.swift */ = {isa = PBXFileReference; lastKnownFileType = sourcecode.swift; path = GlanceController.swift; sourceTree = "<group>"; };
		A9B507671B134F1500AC66B1 /* YAPT WatchKit App.app */ = {isa = PBXFileReference; explicitFileType = wrapper.application; includeInIndex = 0; path = "YAPT WatchKit App.app"; sourceTree = BUILT_PRODUCTS_DIR; };
		A9B5076D1B134F1500AC66B1 /* Info.plist */ = {isa = PBXFileReference; lastKnownFileType = text.plist.xml; path = Info.plist; sourceTree = "<group>"; };
		A9B5076F1B134F1500AC66B1 /* Base */ = {isa = PBXFileReference; lastKnownFileType = file.storyboard; name = Base; path = Base.lproj/Interface.storyboard; sourceTree = "<group>"; };
		A9B5077D1B13A75500AC66B1 /* YAPTWatchKitInfo.swift */ = {isa = PBXFileReference; fileEncoding = 4; lastKnownFileType = sourcecode.swift; path = YAPTWatchKitInfo.swift; sourceTree = "<group>"; };
		A9C8F1D81AFEA223001FD125 /* YAPT.app */ = {isa = PBXFileReference; explicitFileType = wrapper.application; includeInIndex = 0; path = YAPT.app; sourceTree = BUILT_PRODUCTS_DIR; };
		A9C8F1DC1AFEA223001FD125 /* Info.plist */ = {isa = PBXFileReference; lastKnownFileType = text.plist.xml; path = Info.plist; sourceTree = "<group>"; };
		A9C8F1DD1AFEA223001FD125 /* AppDelegate.swift */ = {isa = PBXFileReference; lastKnownFileType = sourcecode.swift; path = AppDelegate.swift; sourceTree = "<group>"; };
		A9C8F1E21AFEA223001FD125 /* Base */ = {isa = PBXFileReference; lastKnownFileType = file.storyboard; name = Base; path = Base.lproj/Main.storyboard; sourceTree = "<group>"; };
		A9C8F1E41AFEA223001FD125 /* Images.xcassets */ = {isa = PBXFileReference; lastKnownFileType = folder.assetcatalog; path = Images.xcassets; sourceTree = "<group>"; };
		A9C8F1E71AFEA223001FD125 /* Base */ = {isa = PBXFileReference; lastKnownFileType = file.xib; name = Base; path = Base.lproj/LaunchScreen.xib; sourceTree = "<group>"; };
		A9C8F1ED1AFEA223001FD125 /* YAPTTests.xctest */ = {isa = PBXFileReference; explicitFileType = wrapper.cfbundle; includeInIndex = 0; path = YAPTTests.xctest; sourceTree = BUILT_PRODUCTS_DIR; };
		A9C8F1F21AFEA223001FD125 /* Info.plist */ = {isa = PBXFileReference; lastKnownFileType = text.plist.xml; path = Info.plist; sourceTree = "<group>"; };
		A9C8F1F31AFEA223001FD125 /* YAPTTests.swift */ = {isa = PBXFileReference; lastKnownFileType = sourcecode.swift; path = YAPTTests.swift; sourceTree = "<group>"; };
/* End PBXFileReference section */

/* Begin PBXFrameworksBuildPhase section */
		A9B507551B134F1500AC66B1 /* Frameworks */ = {
			isa = PBXFrameworksBuildPhase;
			buildActionMask = 2147483647;
			files = (
			);
			runOnlyForDeploymentPostprocessing = 0;
		};
		A9C8F1D51AFEA223001FD125 /* Frameworks */ = {
			isa = PBXFrameworksBuildPhase;
			buildActionMask = 2147483647;
			files = (
			);
			runOnlyForDeploymentPostprocessing = 0;
		};
		A9C8F1EA1AFEA223001FD125 /* Frameworks */ = {
			isa = PBXFrameworksBuildPhase;
			buildActionMask = 2147483647;
			files = (
			);
			runOnlyForDeploymentPostprocessing = 0;
		};
/* End PBXFrameworksBuildPhase section */

/* Begin PBXGroup section */
		A9B507591B134F1500AC66B1 /* YAPT WatchKit Extension */ = {
			isa = PBXGroup;
			children = (
				A9B5075D1B134F1500AC66B1 /* InterfaceController.swift */,
				A9B5075F1B134F1500AC66B1 /* NotificationController.swift */,
				A9B507611B134F1500AC66B1 /* GlanceController.swift */,
				A9B5075A1B134F1500AC66B1 /* Supporting Files */,
			);
			path = "YAPT WatchKit Extension";
			sourceTree = "<group>";
		};
		A9B5075A1B134F1500AC66B1 /* Supporting Files */ = {
			isa = PBXGroup;
			children = (
				A9B5075B1B134F1500AC66B1 /* Info.plist */,
				A9B5075C1B134F1500AC66B1 /* PushNotificationPayload.apns */,
			);
			name = "Supporting Files";
			sourceTree = "<group>";
		};
		A9B5076B1B134F1500AC66B1 /* YAPT WatchKit App */ = {
			isa = PBXGroup;
			children = (
				A9B5076E1B134F1500AC66B1 /* Interface.storyboard */,
				A9B5076C1B134F1500AC66B1 /* Supporting Files */,
			);
			path = "YAPT WatchKit App";
			sourceTree = "<group>";
		};
		A9B5076C1B134F1500AC66B1 /* Supporting Files */ = {
			isa = PBXGroup;
			children = (
				A9B5076D1B134F1500AC66B1 /* Info.plist */,
				A94B39DA1B1B3D16000807C9 /* Images.xcassets */,
			);
			name = "Supporting Files";
			sourceTree = "<group>";
		};
		A9C8F1CF1AFEA222001FD125 = {
			isa = PBXGroup;
			children = (
				A9C8F1DA1AFEA223001FD125 /* YAPT */,
				A9C8F1F01AFEA223001FD125 /* YAPTTests */,
				A9B507591B134F1500AC66B1 /* YAPT WatchKit Extension */,
				A9B5076B1B134F1500AC66B1 /* YAPT WatchKit App */,
				A9C8F1D91AFEA223001FD125 /* Products */,
			);
			sourceTree = "<group>";
		};
		A9C8F1D91AFEA223001FD125 /* Products */ = {
			isa = PBXGroup;
			children = (
				A9C8F1D81AFEA223001FD125 /* YAPT.app */,
				A9C8F1ED1AFEA223001FD125 /* YAPTTests.xctest */,
				A9B507581B134F1500AC66B1 /* YAPT WatchKit Extension.appex */,
				A9B507671B134F1500AC66B1 /* YAPT WatchKit App.app */,
			);
			name = Products;
			sourceTree = "<group>";
		};
		A9C8F1DA1AFEA223001FD125 /* YAPT */ = {
			isa = PBXGroup;
			children = (
				A92E44711AFEA5040086EF35 /* YAPTMainViewController.swift */,
				A9705CE41B19F84E0023E3F6 /* SwiftExtensions.swift */,
				A9B5077D1B13A75500AC66B1 /* YAPTWatchKitInfo.swift */,
				A9C8F1E11AFEA223001FD125 /* Main.storyboard */,
				A9C8F1DB1AFEA223001FD125 /* Supporting Files */,
			);
			path = YAPT;
			sourceTree = "<group>";
		};
		A9C8F1DB1AFEA223001FD125 /* Supporting Files */ = {
			isa = PBXGroup;
			children = (
				A9C8F1DD1AFEA223001FD125 /* AppDelegate.swift */,
				A9C8F1E61AFEA223001FD125 /* LaunchScreen.xib */,
				A9C8F1E41AFEA223001FD125 /* Images.xcassets */,
				A9C8F1DC1AFEA223001FD125 /* Info.plist */,
			);
			name = "Supporting Files";
			sourceTree = "<group>";
		};
		A9C8F1F01AFEA223001FD125 /* YAPTTests */ = {
			isa = PBXGroup;
			children = (
				A9C8F1F31AFEA223001FD125 /* YAPTTests.swift */,
				A9C8F1F11AFEA223001FD125 /* Supporting Files */,
			);
			path = YAPTTests;
			sourceTree = "<group>";
		};
		A9C8F1F11AFEA223001FD125 /* Supporting Files */ = {
			isa = PBXGroup;
			children = (
				A9C8F1F21AFEA223001FD125 /* Info.plist */,
			);
			name = "Supporting Files";
			sourceTree = "<group>";
		};
/* End PBXGroup section */

/* Begin PBXNativeTarget section */
		A9B507571B134F1500AC66B1 /* YAPT WatchKit Extension */ = {
			isa = PBXNativeTarget;
			buildConfigurationList = A9B5077B1B134F1500AC66B1 /* Build configuration list for PBXNativeTarget "YAPT WatchKit Extension" */;
			buildPhases = (
				A9B507541B134F1500AC66B1 /* Sources */,
				A9B507551B134F1500AC66B1 /* Frameworks */,
				A9B507561B134F1500AC66B1 /* Resources */,
			);
			buildRules = (
			);
			dependencies = (
				A9B5076A1B134F1500AC66B1 /* PBXTargetDependency */,
			);
			name = "YAPT WatchKit Extension";
			productName = "YAPT WatchKit Extension";
			productReference = A9B507581B134F1500AC66B1 /* YAPT WatchKit Extension.appex */;
			productType = "com.apple.product-type.watchkit-extension";
		};
		A9B507661B134F1500AC66B1 /* YAPT WatchKit App */ = {
			isa = PBXNativeTarget;
			buildConfigurationList = A9B5077A1B134F1500AC66B1 /* Build configuration list for PBXNativeTarget "YAPT WatchKit App" */;
			buildPhases = (
				A9B507651B134F1500AC66B1 /* Resources */,
			);
			buildRules = (
			);
			dependencies = (
			);
			name = "YAPT WatchKit App";
			productName = "YAPT WatchKit App";
			productReference = A9B507671B134F1500AC66B1 /* YAPT WatchKit App.app */;
			productType = "com.apple.product-type.application.watchapp";
		};
		A9C8F1D71AFEA223001FD125 /* YAPT */ = {
			isa = PBXNativeTarget;
			buildConfigurationList = A9C8F1F71AFEA223001FD125 /* Build configuration list for PBXNativeTarget "YAPT" */;
			buildPhases = (
				A9C8F1D41AFEA223001FD125 /* Sources */,
				A9C8F1D51AFEA223001FD125 /* Frameworks */,
				A9C8F1D61AFEA223001FD125 /* Resources */,
				A9B5077C1B134F1500AC66B1 /* Embed App Extensions */,
			);
			buildRules = (
			);
			dependencies = (
				A9B507741B134F1500AC66B1 /* PBXTargetDependency */,
			);
			name = YAPT;
			productName = YAPT;
			productReference = A9C8F1D81AFEA223001FD125 /* YAPT.app */;
			productType = "com.apple.product-type.application";
		};
		A9C8F1EC1AFEA223001FD125 /* YAPTTests */ = {
			isa = PBXNativeTarget;
			buildConfigurationList = A9C8F1FA1AFEA223001FD125 /* Build configuration list for PBXNativeTarget "YAPTTests" */;
			buildPhases = (
				A9C8F1E91AFEA223001FD125 /* Sources */,
				A9C8F1EA1AFEA223001FD125 /* Frameworks */,
				A9C8F1EB1AFEA223001FD125 /* Resources */,
			);
			buildRules = (
			);
			dependencies = (
				A9C8F1EF1AFEA223001FD125 /* PBXTargetDependency */,
			);
			name = YAPTTests;
			productName = YAPTTests;
			productReference = A9C8F1ED1AFEA223001FD125 /* YAPTTests.xctest */;
			productType = "com.apple.product-type.bundle.unit-test";
		};
/* End PBXNativeTarget section */

/* Begin PBXProject section */
		A9C8F1D01AFEA222001FD125 /* Project object */ = {
			isa = PBXProject;
			attributes = {
				LastUpgradeCheck = 0630;
				ORGANIZATIONNAME = "Bill Glover";
				TargetAttributes = {
					A9B507571B134F1500AC66B1 = {
						CreatedOnToolsVersion = 6.3.2;
						DevelopmentTeam = 7X7TY4V6Z4;
					};
					A9B507661B134F1500AC66B1 = {
						CreatedOnToolsVersion = 6.3.2;
						DevelopmentTeam = 7X7TY4V6Z4;
					};
					A9C8F1D71AFEA223001FD125 = {
						CreatedOnToolsVersion = 6.3.1;
					};
					A9C8F1EC1AFEA223001FD125 = {
						CreatedOnToolsVersion = 6.3.1;
						TestTargetID = A9C8F1D71AFEA223001FD125;
					};
				};
			};
			buildConfigurationList = A9C8F1D31AFEA222001FD125 /* Build configuration list for PBXProject "YAPT" */;
			compatibilityVersion = "Xcode 3.2";
			developmentRegion = English;
			hasScannedForEncodings = 0;
			knownRegions = (
				en,
				Base,
			);
			mainGroup = A9C8F1CF1AFEA222001FD125;
			productRefGroup = A9C8F1D91AFEA223001FD125 /* Products */;
			projectDirPath = "";
			projectRoot = "";
			targets = (
				A9C8F1D71AFEA223001FD125 /* YAPT */,
				A9C8F1EC1AFEA223001FD125 /* YAPTTests */,
				A9B507571B134F1500AC66B1 /* YAPT WatchKit Extension */,
				A9B507661B134F1500AC66B1 /* YAPT WatchKit App */,
			);
		};
/* End PBXProject section */

/* Begin PBXResourcesBuildPhase section */
		A9B507561B134F1500AC66B1 /* Resources */ = {
			isa = PBXResourcesBuildPhase;
			buildActionMask = 2147483647;
			files = (
				A9B507681B134F1500AC66B1 /* YAPT WatchKit App.app in Resources */,
			);
			runOnlyForDeploymentPostprocessing = 0;
		};
		A9B507651B134F1500AC66B1 /* Resources */ = {
			isa = PBXResourcesBuildPhase;
			buildActionMask = 2147483647;
			files = (
				A94B39DB1B1B3D16000807C9 /* Images.xcassets in Resources */,
				A9B507701B134F1500AC66B1 /* Interface.storyboard in Resources */,
			);
			runOnlyForDeploymentPostprocessing = 0;
		};
		A9C8F1D61AFEA223001FD125 /* Resources */ = {
			isa = PBXResourcesBuildPhase;
			buildActionMask = 2147483647;
			files = (
				A9C8F1E31AFEA223001FD125 /* Main.storyboard in Resources */,
				A9C8F1E81AFEA223001FD125 /* LaunchScreen.xib in Resources */,
				A9C8F1E51AFEA223001FD125 /* Images.xcassets in Resources */,
			);
			runOnlyForDeploymentPostprocessing = 0;
		};
		A9C8F1EB1AFEA223001FD125 /* Resources */ = {
			isa = PBXResourcesBuildPhase;
			buildActionMask = 2147483647;
			files = (
			);
			runOnlyForDeploymentPostprocessing = 0;
		};
/* End PBXResourcesBuildPhase section */

/* Begin PBXSourcesBuildPhase section */
		A9B507541B134F1500AC66B1 /* Sources */ = {
			isa = PBXSourcesBuildPhase;
			buildActionMask = 2147483647;
			files = (
				A9B507601B134F1500AC66B1 /* NotificationController.swift in Sources */,
				A9B5075E1B134F1500AC66B1 /* InterfaceController.swift in Sources */,
				A9B507621B134F1500AC66B1 /* GlanceController.swift in Sources */,
			);
			runOnlyForDeploymentPostprocessing = 0;
		};
		A9C8F1D41AFEA223001FD125 /* Sources */ = {
			isa = PBXSourcesBuildPhase;
			buildActionMask = 2147483647;
			files = (
				A9B5077E1B13A75500AC66B1 /* YAPTWatchKitInfo.swift in Sources */,
				A9705CE51B19F84E0023E3F6 /* SwiftExtensions.swift in Sources */,
				A92E44721AFEA5040086EF35 /* YAPTMainViewController.swift in Sources */,
				A9C8F1DE1AFEA223001FD125 /* AppDelegate.swift in Sources */,
			);
			runOnlyForDeploymentPostprocessing = 0;
		};
		A9C8F1E91AFEA223001FD125 /* Sources */ = {
			isa = PBXSourcesBuildPhase;
			buildActionMask = 2147483647;
			files = (
				A9C8F1F41AFEA223001FD125 /* YAPTTests.swift in Sources */,
			);
			runOnlyForDeploymentPostprocessing = 0;
		};
/* End PBXSourcesBuildPhase section */

/* Begin PBXTargetDependency section */
		A9B5076A1B134F1500AC66B1 /* PBXTargetDependency */ = {
			isa = PBXTargetDependency;
			target = A9B507661B134F1500AC66B1 /* YAPT WatchKit App */;
			targetProxy = A9B507691B134F1500AC66B1 /* PBXContainerItemProxy */;
		};
		A9B507741B134F1500AC66B1 /* PBXTargetDependency */ = {
			isa = PBXTargetDependency;
			target = A9B507571B134F1500AC66B1 /* YAPT WatchKit Extension */;
			targetProxy = A9B507731B134F1500AC66B1 /* PBXContainerItemProxy */;
		};
		A9C8F1EF1AFEA223001FD125 /* PBXTargetDependency */ = {
			isa = PBXTargetDependency;
			target = A9C8F1D71AFEA223001FD125 /* YAPT */;
			targetProxy = A9C8F1EE1AFEA223001FD125 /* PBXContainerItemProxy */;
		};
/* End PBXTargetDependency section */

/* Begin PBXVariantGroup section */
		A9B5076E1B134F1500AC66B1 /* Interface.storyboard */ = {
			isa = PBXVariantGroup;
			children = (
				A9B5076F1B134F1500AC66B1 /* Base */,
			);
			name = Interface.storyboard;
			sourceTree = "<group>";
		};
		A9C8F1E11AFEA223001FD125 /* Main.storyboard */ = {
			isa = PBXVariantGroup;
			children = (
				A9C8F1E21AFEA223001FD125 /* Base */,
			);
			name = Main.storyboard;
			sourceTree = "<group>";
		};
		A9C8F1E61AFEA223001FD125 /* LaunchScreen.xib */ = {
			isa = PBXVariantGroup;
			children = (
				A9C8F1E71AFEA223001FD125 /* Base */,
			);
			name = LaunchScreen.xib;
			sourceTree = "<group>";
		};
/* End PBXVariantGroup section */

/* Begin XCBuildConfiguration section */
		A9B507761B134F1500AC66B1 /* Debug */ = {
			isa = XCBuildConfiguration;
			buildSettings = {
				CODE_SIGN_IDENTITY = "iPhone Developer";
				GCC_PREPROCESSOR_DEFINITIONS = (
					"DEBUG=1",
					"$(inherited)",
				);
				INFOPLIST_FILE = "YAPT WatchKit Extension/Info.plist";
				LD_RUNPATH_SEARCH_PATHS = "$(inherited) @executable_path/Frameworks @executable_path/../../Frameworks";
				PRODUCT_NAME = "${TARGET_NAME}";
				SKIP_INSTALL = YES;
			};
			name = Debug;
		};
		A9B507771B134F1500AC66B1 /* Release */ = {
			isa = XCBuildConfiguration;
			buildSettings = {
				CODE_SIGN_IDENTITY = "iPhone Developer";
				INFOPLIST_FILE = "YAPT WatchKit Extension/Info.plist";
				LD_RUNPATH_SEARCH_PATHS = "$(inherited) @executable_path/Frameworks @executable_path/../../Frameworks";
				PRODUCT_NAME = "${TARGET_NAME}";
				SKIP_INSTALL = YES;
			};
			name = Release;
		};
		A9B507781B134F1500AC66B1 /* Debug */ = {
			isa = XCBuildConfiguration;
			buildSettings = {
				ASSETCATALOG_COMPILER_APPICON_NAME = WatchAppIcon;
				CODE_SIGN_IDENTITY = "iPhone Developer";
				"CODE_SIGN_IDENTITY[sdk=iphoneos*]" = "iPhone Developer";
				GCC_PREPROCESSOR_DEFINITIONS = (
					"DEBUG=1",
					"$(inherited)",
				);
				IBSC_MODULE = YAPT_WatchKit_Extension;
				INFOPLIST_FILE = "YAPT WatchKit App/Info.plist";
				IPHONEOS_DEPLOYMENT_TARGET = 8.2;
				PRODUCT_NAME = "$(TARGET_NAME)";
				PROVISIONING_PROFILE = "";
				SKIP_INSTALL = YES;
				TARGETED_DEVICE_FAMILY = 4;
				"TARGETED_DEVICE_FAMILY[sdk=iphonesimulator*]" = "1,4";
			};
			name = Debug;
		};
		A9B507791B134F1500AC66B1 /* Release */ = {
			isa = XCBuildConfiguration;
			buildSettings = {
				ASSETCATALOG_COMPILER_APPICON_NAME = WatchAppIcon;
				CODE_SIGN_IDENTITY = "iPhone Developer";
				"CODE_SIGN_IDENTITY[sdk=iphoneos*]" = "iPhone Developer";
				IBSC_MODULE = YAPT_WatchKit_Extension;
				INFOPLIST_FILE = "YAPT WatchKit App/Info.plist";
				IPHONEOS_DEPLOYMENT_TARGET = 8.2;
				PRODUCT_NAME = "$(TARGET_NAME)";
				PROVISIONING_PROFILE = "";
				SKIP_INSTALL = YES;
				TARGETED_DEVICE_FAMILY = 4;
				"TARGETED_DEVICE_FAMILY[sdk=iphonesimulator*]" = "1,4";
			};
			name = Release;
		};
		A9C8F1F51AFEA223001FD125 /* Debug */ = {
			isa = XCBuildConfiguration;
			buildSettings = {
				ALWAYS_SEARCH_USER_PATHS = NO;
				CLANG_CXX_LANGUAGE_STANDARD = "gnu++0x";
				CLANG_CXX_LIBRARY = "libc++";
				CLANG_ENABLE_MODULES = YES;
				CLANG_ENABLE_OBJC_ARC = YES;
				CLANG_WARN_BOOL_CONVERSION = YES;
				CLANG_WARN_CONSTANT_CONVERSION = YES;
				CLANG_WARN_DIRECT_OBJC_ISA_USAGE = YES_ERROR;
				CLANG_WARN_EMPTY_BODY = YES;
				CLANG_WARN_ENUM_CONVERSION = YES;
				CLANG_WARN_INT_CONVERSION = YES;
				CLANG_WARN_OBJC_ROOT_CLASS = YES_ERROR;
				CLANG_WARN_UNREACHABLE_CODE = YES;
				CLANG_WARN__DUPLICATE_METHOD_MATCH = YES;
				"CODE_SIGN_IDENTITY[sdk=iphoneos*]" = "iPhone Developer";
				COPY_PHASE_STRIP = NO;
				DEBUG_INFORMATION_FORMAT = "dwarf-with-dsym";
				ENABLE_STRICT_OBJC_MSGSEND = YES;
				GCC_C_LANGUAGE_STANDARD = gnu99;
				GCC_DYNAMIC_NO_PIC = NO;
				GCC_NO_COMMON_BLOCKS = YES;
				GCC_OPTIMIZATION_LEVEL = 0;
				GCC_PREPROCESSOR_DEFINITIONS = (
					"DEBUG=1",
					"$(inherited)",
				);
				GCC_SYMBOLS_PRIVATE_EXTERN = NO;
				GCC_WARN_64_TO_32_BIT_CONVERSION = YES;
				GCC_WARN_ABOUT_RETURN_TYPE = YES_ERROR;
				GCC_WARN_UNDECLARED_SELECTOR = YES;
				GCC_WARN_UNINITIALIZED_AUTOS = YES_AGGRESSIVE;
				GCC_WARN_UNUSED_FUNCTION = YES;
				GCC_WARN_UNUSED_VARIABLE = YES;
				IPHONEOS_DEPLOYMENT_TARGET = 8.3;
				MTL_ENABLE_DEBUG_INFO = YES;
				ONLY_ACTIVE_ARCH = YES;
				SDKROOT = iphoneos;
				SWIFT_OPTIMIZATION_LEVEL = "-Onone";
			};
			name = Debug;
		};
		A9C8F1F61AFEA223001FD125 /* Release */ = {
			isa = XCBuildConfiguration;
			buildSettings = {
				ALWAYS_SEARCH_USER_PATHS = NO;
				CLANG_CXX_LANGUAGE_STANDARD = "gnu++0x";
				CLANG_CXX_LIBRARY = "libc++";
				CLANG_ENABLE_MODULES = YES;
				CLANG_ENABLE_OBJC_ARC = YES;
				CLANG_WARN_BOOL_CONVERSION = YES;
				CLANG_WARN_CONSTANT_CONVERSION = YES;
				CLANG_WARN_DIRECT_OBJC_ISA_USAGE = YES_ERROR;
				CLANG_WARN_EMPTY_BODY = YES;
				CLANG_WARN_ENUM_CONVERSION = YES;
				CLANG_WARN_INT_CONVERSION = YES;
				CLANG_WARN_OBJC_ROOT_CLASS = YES_ERROR;
				CLANG_WARN_UNREACHABLE_CODE = YES;
				CLANG_WARN__DUPLICATE_METHOD_MATCH = YES;
				"CODE_SIGN_IDENTITY[sdk=iphoneos*]" = "iPhone Developer";
				COPY_PHASE_STRIP = NO;
				DEBUG_INFORMATION_FORMAT = "dwarf-with-dsym";
				ENABLE_NS_ASSERTIONS = NO;
				ENABLE_STRICT_OBJC_MSGSEND = YES;
				GCC_C_LANGUAGE_STANDARD = gnu99;
				GCC_NO_COMMON_BLOCKS = YES;
				GCC_WARN_64_TO_32_BIT_CONVERSION = YES;
				GCC_WARN_ABOUT_RETURN_TYPE = YES_ERROR;
				GCC_WARN_UNDECLARED_SELECTOR = YES;
				GCC_WARN_UNINITIALIZED_AUTOS = YES_AGGRESSIVE;
				GCC_WARN_UNUSED_FUNCTION = YES;
				GCC_WARN_UNUSED_VARIABLE = YES;
				IPHONEOS_DEPLOYMENT_TARGET = 8.3;
				MTL_ENABLE_DEBUG_INFO = NO;
				SDKROOT = iphoneos;
				VALIDATE_PRODUCT = YES;
			};
			name = Release;
		};
		A9C8F1F81AFEA223001FD125 /* Debug */ = {
			isa = XCBuildConfiguration;
			buildSettings = {
				ASSETCATALOG_COMPILER_APPICON_NAME = AppIcon;
				INFOPLIST_FILE = YAPT/Info.plist;
				LD_RUNPATH_SEARCH_PATHS = "$(inherited) @executable_path/Frameworks";
				PRODUCT_NAME = "$(TARGET_NAME)";
			};
			name = Debug;
		};
		A9C8F1F91AFEA223001FD125 /* Release */ = {
			isa = XCBuildConfiguration;
			buildSettings = {
				ASSETCATALOG_COMPILER_APPICON_NAME = AppIcon;
				INFOPLIST_FILE = YAPT/Info.plist;
				LD_RUNPATH_SEARCH_PATHS = "$(inherited) @executable_path/Frameworks";
				PRODUCT_NAME = "$(TARGET_NAME)";
			};
			name = Release;
		};
		A9C8F1FB1AFEA223001FD125 /* Debug */ = {
			isa = XCBuildConfiguration;
			buildSettings = {
				BUNDLE_LOADER = "$(TEST_HOST)";
				FRAMEWORK_SEARCH_PATHS = (
					"$(SDKROOT)/Developer/Library/Frameworks",
					"$(inherited)",
				);
				GCC_PREPROCESSOR_DEFINITIONS = (
					"DEBUG=1",
					"$(inherited)",
				);
				INFOPLIST_FILE = YAPTTests/Info.plist;
				LD_RUNPATH_SEARCH_PATHS = "$(inherited) @executable_path/Frameworks @loader_path/Frameworks";
				PRODUCT_NAME = "$(TARGET_NAME)";
				TEST_HOST = "$(BUILT_PRODUCTS_DIR)/YAPT.app/YAPT";
			};
			name = Debug;
		};
		A9C8F1FC1AFEA223001FD125 /* Release */ = {
			isa = XCBuildConfiguration;
			buildSettings = {
				BUNDLE_LOADER = "$(TEST_HOST)";
				FRAMEWORK_SEARCH_PATHS = (
					"$(SDKROOT)/Developer/Library/Frameworks",
					"$(inherited)",
				);
				INFOPLIST_FILE = YAPTTests/Info.plist;
				LD_RUNPATH_SEARCH_PATHS = "$(inherited) @executable_path/Frameworks @loader_path/Frameworks";
				PRODUCT_NAME = "$(TARGET_NAME)";
				TEST_HOST = "$(BUILT_PRODUCTS_DIR)/YAPT.app/YAPT";
			};
			name = Release;
		};
/* End XCBuildConfiguration section */

/* Begin XCConfigurationList section */
		A9B5077A1B134F1500AC66B1 /* Build configuration list for PBXNativeTarget "YAPT WatchKit App" */ = {
			isa = XCConfigurationList;
			buildConfigurations = (
				A9B507781B134F1500AC66B1 /* Debug */,
				A9B507791B134F1500AC66B1 /* Release */,
			);
			defaultConfigurationIsVisible = 0;
			defaultConfigurationName = Release;
		};
		A9B5077B1B134F1500AC66B1 /* Build configuration list for PBXNativeTarget "YAPT WatchKit Extension" */ = {
			isa = XCConfigurationList;
			buildConfigurations = (
				A9B507761B134F1500AC66B1 /* Debug */,
				A9B507771B134F1500AC66B1 /* Release */,
			);
			defaultConfigurationIsVisible = 0;
			defaultConfigurationName = Release;
		};
		A9C8F1D31AFEA222001FD125 /* Build configuration list for PBXProject "YAPT" */ = {
			isa = XCConfigurationList;
			buildConfigurations = (
				A9C8F1F51AFEA223001FD125 /* Debug */,
				A9C8F1F61AFEA223001FD125 /* Release */,
			);
			defaultConfigurationIsVisible = 0;
			defaultConfigurationName = Release;
		};
		A9C8F1F71AFEA223001FD125 /* Build configuration list for PBXNativeTarget "YAPT" */ = {
			isa = XCConfigurationList;
			buildConfigurations = (
				A9C8F1F81AFEA223001FD125 /* Debug */,
				A9C8F1F91AFEA223001FD125 /* Release */,
			);
			defaultConfigurationIsVisible = 0;
			defaultConfigurationName = Release;
		};
		A9C8F1FA1AFEA223001FD125 /* Build configuration list for PBXNativeTarget "YAPTTests" */ = {
			isa = XCConfigurationList;
			buildConfigurations = (
				A9C8F1FB1AFEA223001FD125 /* Debug */,
				A9C8F1FC1AFEA223001FD125 /* Release */,
			);
			defaultConfigurationIsVisible = 0;
			defaultConfigurationName = Release;
		};
/* End XCConfigurationList section */
	};
	rootObject = A9C8F1D01AFEA222001FD125 /* Project object */;
}
